{
    "name": "products-service",
    "version": "1.0.0",
    "lockfileVersion": 1,
    "requires": true,
    "dependencies": {
        "@sap/cds": {
            "version": "3.16.3",
            "resolved": "https://npm.sap.com/@sap/cds/-/cds-3.16.3.tgz",
            "integrity": "sha512-7kh/95NowvGJ75S5qf/uKhWMe1im6PVLaVC8I3blBYyrHyBF0nldrf8ANaCc9qNQO6+KvACxHEFw/kp1jtW2CQ==",
            "dev": true,
            "requires": {
                "@sap/cds-compiler": "1.17.2",
                "@sap/cds-messaging": "1.0.1",
                "@sap/cds-ql": "1.17.0",
                "@sap/cds-reflect": "2.6.0",
                "@sap/cds-services": "1.17.0",
                "@sap/generator-cds": "2.7.0",
                "fs-extra": "7.0.1",
                "yaml": "1.5.1"
            },
            "dependencies": {
                "@babel/runtime": {
                    "version": "7.5.5",
                    "resolved": "https://registry.npmjs.org/@babel/runtime/-/runtime-7.5.5.tgz",
                    "integrity": "sha512-28QvEGyQyNkB0/m2B4FU7IEZGK2NUrcMtT6BZEFALTguLk+AUT6ofsHtPk5QyjAdUkpMJ+/Em+quwz4HOt30AQ==",
                    "dev": true,
                    "requires": {
                        "regenerator-runtime": "^0.13.2"
                    }
                },
                "@sap/cds-compiler": {
                    "version": "1.17.2",
                    "resolved": "https://npm.sap.com/@sap/cds-compiler/-/cds-compiler-1.17.2.tgz",
                    "integrity": "sha512-0AFljRpeZCF6YhhLss7eU82Z9kbBeiUz5J4kHyvW6fdMLY41nKj0ytX3eoLMFExJ6a3RcjwzFOBtsoA1k4A+vg==",
                    "dev": true,
                    "requires": {
                        "antlr4": "4.7.1",
                        "resolve": "1.8.1",
                        "sax": "1.2.4"
                    }
                },
                "@sap/cds-hana": {
                    "version": "1.16.0",
                    "resolved": "https://npm.sap.com/@sap/cds-hana/-/cds-hana-1.16.0.tgz",
                    "integrity": "sha512-k4uOam/gDDZKJfxgAKhHg7oFukWUZBG2iGitmWmOgZ+IMZBmiZLuFyNE2zFDCrMysMLC3XDvbX8J8x1F5dykgQ==",
                    "dev": true,
                    "requires": {
                        "@sap/cds-sql": "1.16.0"
                    }
                },
                "@sap/cds-messaging": {
                    "version": "1.0.1",
                    "resolved": "https://npm.sap.com/@sap/cds-messaging/-/cds-messaging-1.0.1.tgz",
                    "integrity": "sha512-NtKDRX08NLXVqnvCkxK8WaJajDYoR8FH/C0c2AUw5DPfA9peNK5bYqRpdJRC7D398fIpfSCwh4a6G1Y0oH9nnQ==",
                    "dev": true
                },
                "@sap/cds-ql": {
                    "version": "1.17.0",
                    "resolved": "https://npm.sap.com/@sap/cds-ql/-/cds-ql-1.17.0.tgz",
                    "integrity": "sha512-zFg87NpkwpbsuabA9+LZynBtUWwmYTcgeepQLUXWXZ1SrBw8ZtBZHegMUfH0Pqrs+m281GcPkrL/YhKrwYTDHA==",
                    "dev": true,
                    "requires": {
                        "@sap/cds-hana": "1.16.0",
                        "@sap/cds-sql": "1.16.0",
                        "@sap/cds-sqlite": "1.16.0",
                        "generic-pool": "3.7.1"
                    }
                },
                "@sap/cds-reflect": {
                    "version": "2.6.0",
                    "resolved": "https://npm.sap.com/@sap/cds-reflect/-/cds-reflect-2.6.0.tgz",
                    "integrity": "sha512-s6giiC7whCO6gnVc9cYSHKCSPv704q2N132r8MQA/Yt3HD1+aAYqqqyabpd5BAasVturVfhNv2gcfVaL0DtrpQ==",
                    "dev": true
                },
                "@sap/cds-services": {
                    "version": "1.17.0",
                    "resolved": "https://npm.sap.com/@sap/cds-services/-/cds-services-1.17.0.tgz",
                    "integrity": "sha512-05xCwMc9RNBmmCWU8mwLm7YR6Mc8y7/3QQxvVFEbCLE5wWZDK7rssFFIgg+1TcfvULBvccUpAFFK8Q9KK2nPGw==",
                    "dev": true,
                    "requires": {
                        "@sap/odata-server": "1.3.4",
                        "uuid": "3.3.2"
                    }
                },
                "@sap/cds-sql": {
                    "version": "1.16.0",
                    "resolved": "https://npm.sap.com/@sap/cds-sql/-/cds-sql-1.16.0.tgz",
                    "integrity": "sha512-wRB5/4MUvjWAST9kRBBvsI3UqWHyjpAdm5YYsrVb+492mZu/VXy8QGRsmDOaR7DNeBCtewM8rBLNm3tjc4SPsw==",
                    "dev": true,
                    "requires": {
                        "uuid": "3.3.2"
                    }
                },
                "@sap/cds-sqlite": {
                    "version": "1.16.0",
                    "resolved": "https://npm.sap.com/@sap/cds-sqlite/-/cds-sqlite-1.16.0.tgz",
                    "integrity": "sha512-uB8JIH/fcv34Dkip0JNDRq1gPAo4qLupi52LFLwoIC4hAnamPSLS6v3fVvahU943eKMWCXDaABGhulsnTPgNcw==",
                    "dev": true,
                    "requires": {
                        "@sap/cds-sql": "1.16.0"
                    }
                },
                "@sap/generator-cds": {
                    "version": "2.7.0",
                    "resolved": "https://npm.sap.com/@sap/generator-cds/-/generator-cds-2.7.0.tgz",
                    "integrity": "sha512-gZwMT+KYB0NwzQa8kww2/8dreXWN5DEbA2bE0XtNivDYql5O6P5iPryAzVunAjWkOxDuEdeAxlg6vklhboiMMg==",
                    "dev": true,
                    "requires": {
                        "fs-extra": "7.0.1",
                        "minimist": "1.2.0",
                        "xml2js": "0.4.19",
                        "yaml": "1.5.1"
                    }
                },
                "@sap/odata-commons": {
                    "version": "2.1.1",
                    "resolved": "https://npm.sap.com/@sap/odata-commons/-/odata-commons-2.1.1.tgz",
                    "integrity": "sha512-ZvBPzQw+VaZUX1kPsY/SEXH5TcW580stZCzTl3xw5xjlfjDZpvntpNGdI0V6IiO1Zj3fWyCnZjVVQOK9bkDiyQ==",
                    "dev": true,
                    "requires": {
                        "big.js": "=5.2.2"
                    }
                },
                "@sap/odata-server": {
                    "version": "1.3.4",
                    "resolved": "https://npm.sap.com/@sap/odata-server/-/odata-server-1.3.4.tgz",
                    "integrity": "sha512-XsZPEd5KOjUHA7yif1dPY8KSNwp+qyVa3dTnGNDeFcxBsVzxyXEFgw2jywziAXv7QS9QCW2UKpUQ/3bzBvaV6A==",
                    "dev": true,
                    "requires": {
                        "@sap/odata-commons": "^2.1.1",
                        "xmlbuilder": "=10.1.0"
                    }
                },
                "antlr4": {
                    "version": "4.7.1",
                    "resolved": "https://registry.npmjs.org/antlr4/-/antlr4-4.7.1.tgz",
                    "integrity": "sha512-haHyTW7Y9joE5MVs37P2lNYfU2RWBLfcRDD8OWldcdZm5TiCE91B5Xl1oWSwiDUSd4rlExpt2pu1fksYQjRBYQ==",
                    "dev": true
                },
                "big.js": {
                    "version": "5.2.2",
                    "resolved": "https://registry.npmjs.org/big.js/-/big.js-5.2.2.tgz",
                    "integrity": "sha512-vyL2OymJxmarO8gxMr0mhChsO9QGwhynfuu4+MHTAW6czfq9humCB7rKpUjDd9YUiDPU4mzpyupFSvOClAwbmQ==",
                    "dev": true
                },
                "fs-extra": {
                    "version": "7.0.1",
                    "resolved": "https://registry.npmjs.org/fs-extra/-/fs-extra-7.0.1.tgz",
                    "integrity": "sha512-YJDaCJZEnBmcbw13fvdAM9AwNOJwOzrE4pqMqBq5nFiEqXUqHwlK4B+3pUw6JNvfSPtX05xFHtYy/1ni01eGCw==",
                    "dev": true,
                    "requires": {
                        "graceful-fs": "^4.1.2",
                        "jsonfile": "^4.0.0",
                        "universalify": "^0.1.0"
                    }
                },
                "generic-pool": {
                    "version": "3.7.1",
                    "resolved": "https://registry.npmjs.org/generic-pool/-/generic-pool-3.7.1.tgz",
                    "integrity": "sha512-ug6DAZoNgWm6q5KhPFA+hzXfBLFQu5sTXxPpv44DmE0A2g+CiHoq9LTVdkXpZMkYVMoGw83F6W+WT0h0MFMK/w==",
                    "dev": true
                },
                "graceful-fs": {
                    "version": "4.2.2",
                    "resolved": "https://registry.npmjs.org/graceful-fs/-/graceful-fs-4.2.2.tgz",
                    "integrity": "sha512-IItsdsea19BoLC7ELy13q1iJFNmd7ofZH5+X/pJr90/nRoPEX0DJo1dHDbgtYWOhJhcCgMDTOw84RZ72q6lB+Q==",
                    "dev": true
                },
                "jsonfile": {
                    "version": "4.0.0",
                    "resolved": "https://registry.npmjs.org/jsonfile/-/jsonfile-4.0.0.tgz",
                    "integrity": "sha1-h3Gq4HmbZAdrdmQPygWPnBDjPss=",
                    "dev": true,
                    "requires": {
                        "graceful-fs": "^4.1.6"
                    }
                },
                "minimist": {
                    "version": "1.2.0",
                    "resolved": "https://registry.npmjs.org/minimist/-/minimist-1.2.0.tgz",
                    "integrity": "sha1-o1AIsg9BOD7sH7kU9M1d95omQoQ=",
                    "dev": true
                },
                "path-parse": {
                    "version": "1.0.6",
                    "resolved": "https://registry.npmjs.org/path-parse/-/path-parse-1.0.6.tgz",
                    "integrity": "sha512-GSmOT2EbHrINBf9SR7CDELwlJ8AENk3Qn7OikK4nFYAu3Ote2+JYNVvkpAEQm3/TLNEJFD/xZJjzyxg3KBWOzw==",
                    "dev": true
                },
                "regenerator-runtime": {
                    "version": "0.13.3",
                    "resolved": "https://registry.npmjs.org/regenerator-runtime/-/regenerator-runtime-0.13.3.tgz",
                    "integrity": "sha512-naKIZz2GQ8JWh///G7L3X6LaQUAMp2lvb1rvwwsURe/VXwD6VMfr+/1NuNw3ag8v2kY1aQ/go5SNn79O9JU7yw==",
                    "dev": true
                },
                "resolve": {
                    "version": "1.8.1",
                    "resolved": "https://registry.npmjs.org/resolve/-/resolve-1.8.1.tgz",
                    "integrity": "sha512-AicPrAC7Qu1JxPCZ9ZgCZlY35QgFnNqc+0LtbRNxnVw4TXvjQ72wnuL9JQcEBgXkI9JM8MsT9kaQoHcpCRJOYA==",
                    "dev": true,
                    "requires": {
                        "path-parse": "^1.0.5"
                    }
                },
                "sax": {
                    "version": "1.2.4",
                    "resolved": "https://registry.npmjs.org/sax/-/sax-1.2.4.tgz",
                    "integrity": "sha512-NqVDv9TpANUjFm0N8uM5GxL36UgKi9/atZw+x7YFnQ8ckwFGKrl4xX4yWtrey3UJm5nP1kUbnYgLopqWNSRhWw==",
                    "dev": true
                },
                "universalify": {
                    "version": "0.1.2",
                    "resolved": "https://registry.npmjs.org/universalify/-/universalify-0.1.2.tgz",
                    "integrity": "sha512-rBJeI5CXAlmy1pV+617WB9J63U6XcazHHF2f2dbJix4XzpUF0RS3Zbj0FGIOCAva5P/d/GBOYaACQ1w+0azUkg==",
                    "dev": true
                },
                "uuid": {
                    "version": "3.3.2",
                    "resolved": "https://registry.npmjs.org/uuid/-/uuid-3.3.2.tgz",
                    "integrity": "sha512-yXJmeNaw3DnnKAOKJE51sL/ZaYfWJRl1pK9dr19YFCu0ObS231AB1/LbqTKRAQ5kw8A90rA6fr4riOUpTZvQZA==",
                    "dev": true
                },
                "xml2js": {
                    "version": "0.4.19",
                    "resolved": "https://registry.npmjs.org/xml2js/-/xml2js-0.4.19.tgz",
                    "integrity": "sha512-esZnJZJOiJR9wWKMyuvSE1y6Dq5LCuJanqhxslH2bxM6duahNZ+HMpCLhBQGZkbX6xRf8x1Y2eJlgt2q3qo49Q==",
                    "dev": true,
                    "requires": {
                        "sax": ">=0.6.0",
                        "xmlbuilder": "~9.0.1"
                    },
                    "dependencies": {
                        "xmlbuilder": {
                            "version": "9.0.7",
                            "resolved": "https://registry.npmjs.org/xmlbuilder/-/xmlbuilder-9.0.7.tgz",
                            "integrity": "sha1-Ey7mPS7FVlxVfiD0wi35rKaGsQ0=",
                            "dev": true
                        }
                    }
                },
                "xmlbuilder": {
                    "version": "10.1.0",
                    "resolved": "https://registry.npmjs.org/xmlbuilder/-/xmlbuilder-10.1.0.tgz",
                    "integrity": "sha512-In21jFWiaulS7Cmw1fPT1Lm7g7L6ml/uwZNAaKlDZc78szm3pn5oH9gizH7sh1h2GGRb3OkL5kLCeMEENEnZwA==",
                    "dev": true
                },
                "yaml": {
                    "version": "1.5.1",
                    "resolved": "https://registry.npmjs.org/yaml/-/yaml-1.5.1.tgz",
                    "integrity": "sha512-btfJvMOgVthGZSgHBMrDkLuQu4YxOycw6kwuC67cUEOKJmmNozjIa02eKvuSq7usqqqpwwCvflGTF6JcDvSudw==",
                    "dev": true,
                    "requires": {
                        "@babel/runtime": "^7.4.4"
                    }
                }
            }
        }
    }
}
